{
  "nodes": {
    "nix-darwin": {
      "inputs": {
        "nixpkgs": [
          "nixpkgs"
        ]
      },
      "locked": {
        "lastModified": 1737085297,
        "narHash": "sha256-0gpgsX7hCauT6pblVg+hrDnt83lPoYzq/2BqqyvU8Tc=",
        "owner": "LnL7",
        "repo": "nix-darwin",
        "rev": "09414c7e2def24a5c52e588017b8524bcb68972a",
        "type": "github"
      },
      "original": {
        "owner": "LnL7",
        "ref": "master",
        "repo": "nix-darwin",
        "type": "github"
      }
    },
    "nixpkgs": {
      "locked": {
        "lastModified": 1737121976,
        "narHash": "sha256-OvascJEvRgBDGgAWA9XvzbA7+XVPsERwZbqCqYmVKbg=",
        "owner": "NixOS",
        "repo": "nixpkgs",
        "rev": "6169850261b985e7ab146eafbbf7889cdfea0209",
        "type": "github"
      },
      "original": {
        "owner": "NixOS",
        "repo": "nixpkgs",
        "type": "github"
      }
    },
    "root": {
      "inputs": {
        "nix-darwin": "nix-darwin",
        "nixpkgs": "nixpkgs"
      }
    }
  },
  "root": "root",
  "version": 7
}
